// !$*UTF8*$!
{
	archiveVersion = 1;
	classes = {
	};
	objectVersion = 46;
	objects = {

/* Begin PBXBuildFile section */
		5755C3521F4D074900212A3E /* ITunesDataController.swift in Sources */ = {isa = PBXBuildFile; fileRef = 5755C3511F4D074900212A3E /* ITunesDataController.swift */; };
		5755C3551F4D0D1700212A3E /* CoreData.framework in Frameworks */ = {isa = PBXBuildFile; fileRef = 5755C3541F4D0D1700212A3E /* CoreData.framework */; };
		5755C3571F4D124200212A3E /* FavoriteController.swift in Sources */ = {isa = PBXBuildFile; fileRef = 5755C3561F4D124200212A3E /* FavoriteController.swift */; };
		5781FCF81F477125007F2F71 /* AppDelegate.swift in Sources */ = {isa = PBXBuildFile; fileRef = 5781FCF71F477125007F2F71 /* AppDelegate.swift */; };
		5781FCFA1F477125007F2F71 /* ViewController.swift in Sources */ = {isa = PBXBuildFile; fileRef = 5781FCF91F477125007F2F71 /* ViewController.swift */; };
		5781FCFD1F477125007F2F71 /* Main.storyboard in Resources */ = {isa = PBXBuildFile; fileRef = 5781FCFB1F477125007F2F71 /* Main.storyboard */; };
		5781FD001F477125007F2F71 /* networkAPITest.xcdatamodeld in Sources */ = {isa = PBXBuildFile; fileRef = 5781FCFE1F477125007F2F71 /* networkAPITest.xcdatamodeld */; };
		5781FD021F477125007F2F71 /* Assets.xcassets in Resources */ = {isa = PBXBuildFile; fileRef = 5781FD011F477125007F2F71 /* Assets.xcassets */; };
		5781FD051F477125007F2F71 /* LaunchScreen.storyboard in Resources */ = {isa = PBXBuildFile; fileRef = 5781FD031F477125007F2F71 /* LaunchScreen.storyboard */; };
		5781FD101F477126007F2F71 /* networkAPITestTests.swift in Sources */ = {isa = PBXBuildFile; fileRef = 5781FD0F1F477126007F2F71 /* networkAPITestTests.swift */; };
		5781FD1C1F47799D007F2F71 /* AlbumCell.swift in Sources */ = {isa = PBXBuildFile; fileRef = 5781FD1A1F47799D007F2F71 /* AlbumCell.swift */; };
		5781FD1D1F47799D007F2F71 /* AlbumCell.xib in Resources */ = {isa = PBXBuildFile; fileRef = 5781FD1B1F47799D007F2F71 /* AlbumCell.xib */; };
/* End PBXBuildFile section */

/* Begin PBXContainerItemProxy section */
		5781FD0C1F477126007F2F71 /* PBXContainerItemProxy */ = {
			isa = PBXContainerItemProxy;
			containerPortal = 5781FCEC1F477125007F2F71 /* Project object */;
			proxyType = 1;
			remoteGlobalIDString = 5781FCF31F477125007F2F71;
			remoteInfo = networkAPITest;
		};
/* End PBXContainerItemProxy section */

/* Begin PBXFileReference section */
		5755C3511F4D074900212A3E /* ITunesDataController.swift */ = {isa = PBXFileReference; fileEncoding = 4; lastKnownFileType = sourcecode.swift; path = ITunesDataController.swift; sourceTree = "<group>"; };
		5755C3541F4D0D1700212A3E /* CoreData.framework */ = {isa = PBXFileReference; lastKnownFileType = wrapper.framework; name = CoreData.framework; path = System/Library/Frameworks/CoreData.framework; sourceTree = SDKROOT; };
		5755C3561F4D124200212A3E /* FavoriteController.swift */ = {isa = PBXFileReference; fileEncoding = 4; lastKnownFileType = sourcecode.swift; path = FavoriteController.swift; sourceTree = "<group>"; };
		5781FCF41F477125007F2F71 /* networkAPITest.app */ = {isa = PBXFileReference; explicitFileType = wrapper.application; includeInIndex = 0; path = networkAPITest.app; sourceTree = BUILT_PRODUCTS_DIR; };
		5781FCF71F477125007F2F71 /* AppDelegate.swift */ = {isa = PBXFileReference; lastKnownFileType = sourcecode.swift; path = AppDelegate.swift; sourceTree = "<group>"; };
		5781FCF91F477125007F2F71 /* ViewController.swift */ = {isa = PBXFileReference; lastKnownFileType = sourcecode.swift; path = ViewController.swift; sourceTree = "<group>"; };
		5781FCFC1F477125007F2F71 /* Base */ = {isa = PBXFileReference; lastKnownFileType = file.storyboard; name = Base; path = Base.lproj/Main.storyboard; sourceTree = "<group>"; };
		5781FCFF1F477125007F2F71 /* networkAPITest.xcdatamodel */ = {isa = PBXFileReference; lastKnownFileType = wrapper.xcdatamodel; path = networkAPITest.xcdatamodel; sourceTree = "<group>"; };
		5781FD011F477125007F2F71 /* Assets.xcassets */ = {isa = PBXFileReference; lastKnownFileType = folder.assetcatalog; path = Assets.xcassets; sourceTree = "<group>"; };
		5781FD041F477125007F2F71 /* Base */ = {isa = PBXFileReference; lastKnownFileType = file.storyboard; name = Base; path = Base.lproj/LaunchScreen.storyboard; sourceTree = "<group>"; };
		5781FD061F477125007F2F71 /* Info.plist */ = {isa = PBXFileReference; lastKnownFileType = text.plist.xml; path = Info.plist; sourceTree = "<group>"; };
		5781FD0B1F477126007F2F71 /* networkAPITestTests.xctest */ = {isa = PBXFileReference; explicitFileType = wrapper.cfbundle; includeInIndex = 0; path = networkAPITestTests.xctest; sourceTree = BUILT_PRODUCTS_DIR; };
		5781FD0F1F477126007F2F71 /* networkAPITestTests.swift */ = {isa = PBXFileReference; lastKnownFileType = sourcecode.swift; path = networkAPITestTests.swift; sourceTree = "<group>"; };
		5781FD111F477126007F2F71 /* Info.plist */ = {isa = PBXFileReference; lastKnownFileType = text.plist.xml; path = Info.plist; sourceTree = "<group>"; };
		5781FD1A1F47799D007F2F71 /* AlbumCell.swift */ = {isa = PBXFileReference; fileEncoding = 4; lastKnownFileType = sourcecode.swift; path = AlbumCell.swift; sourceTree = "<group>"; };
		5781FD1B1F47799D007F2F71 /* AlbumCell.xib */ = {isa = PBXFileReference; fileEncoding = 4; lastKnownFileType = file.xib; path = AlbumCell.xib; sourceTree = "<group>"; };
/* End PBXFileReference section */

/* Begin PBXFrameworksBuildPhase section */
		5781FCF11F477125007F2F71 /* Frameworks */ = {
			isa = PBXFrameworksBuildPhase;
			buildActionMask = 2147483647;
			files = (
				5755C3551F4D0D1700212A3E /* CoreData.framework in Frameworks */,
			);
			runOnlyForDeploymentPostprocessing = 0;
		};
		5781FD081F477126007F2F71 /* Frameworks */ = {
			isa = PBXFrameworksBuildPhase;
			buildActionMask = 2147483647;
			files = (
			);
			runOnlyForDeploymentPostprocessing = 0;
		};
/* End PBXFrameworksBuildPhase section */

/* Begin PBXGroup section */
		5755C3531F4D0D1700212A3E /* Frameworks */ = {
			isa = PBXGroup;
			children = (
				5755C3541F4D0D1700212A3E /* CoreData.framework */,
			);
			name = Frameworks;
			sourceTree = "<group>";
		};
		5781FCEB1F477125007F2F71 = {
			isa = PBXGroup;
			children = (
				5781FCF61F477125007F2F71 /* networkAPITest */,
				5781FD0E1F477126007F2F71 /* networkAPITestTests */,
				5781FCF51F477125007F2F71 /* Products */,
				5755C3531F4D0D1700212A3E /* Frameworks */,
			);
			sourceTree = "<group>";
		};
		5781FCF51F477125007F2F71 /* Products */ = {
			isa = PBXGroup;
			children = (
				5781FCF41F477125007F2F71 /* networkAPITest.app */,
				5781FD0B1F477126007F2F71 /* networkAPITestTests.xctest */,
			);
			name = Products;
			sourceTree = "<group>";
		};
		5781FCF61F477125007F2F71 /* networkAPITest */ = {
			isa = PBXGroup;
			children = (
				5781FCF71F477125007F2F71 /* AppDelegate.swift */,
				5781FCF91F477125007F2F71 /* ViewController.swift */,
				5755C3511F4D074900212A3E /* ITunesDataController.swift */,
				5755C3561F4D124200212A3E /* FavoriteController.swift */,
				5781FD1A1F47799D007F2F71 /* AlbumCell.swift */,
				5781FD1B1F47799D007F2F71 /* AlbumCell.xib */,
				5781FCFB1F477125007F2F71 /* Main.storyboard */,
				5781FD011F477125007F2F71 /* Assets.xcassets */,
				5781FD031F477125007F2F71 /* LaunchScreen.storyboard */,
				5781FD061F477125007F2F71 /* Info.plist */,
				5781FCFE1F477125007F2F71 /* networkAPITest.xcdatamodeld */,
			);
			path = networkAPITest;
			sourceTree = "<group>";
		};
		5781FD0E1F477126007F2F71 /* networkAPITestTests */ = {
			isa = PBXGroup;
			children = (
				5781FD0F1F477126007F2F71 /* networkAPITestTests.swift */,
				5781FD111F477126007F2F71 /* Info.plist */,
			);
			path = networkAPITestTests;
			sourceTree = "<group>";
		};
/* End PBXGroup section */

/* Begin PBXNativeTarget section */
		5781FCF31F477125007F2F71 /* networkAPITest */ = {
			isa = PBXNativeTarget;
			buildConfigurationList = 5781FD141F477126007F2F71 /* Build configuration list for PBXNativeTarget "networkAPITest" */;
			buildPhases = (
				5781FCF01F477125007F2F71 /* Sources */,
				5781FCF11F477125007F2F71 /* Frameworks */,
				5781FCF21F477125007F2F71 /* Resources */,
			);
			buildRules = (
			);
			dependencies = (
			);
			name = networkAPITest;
			productName = networkAPITest;
			productReference = 5781FCF41F477125007F2F71 /* networkAPITest.app */;
			productType = "com.apple.product-type.application";
		};
		5781FD0A1F477126007F2F71 /* networkAPITestTests */ = {
			isa = PBXNativeTarget;
			buildConfigurationList = 5781FD171F477126007F2F71 /* Build configuration list for PBXNativeTarget "networkAPITestTests" */;
			buildPhases = (
				5781FD071F477126007F2F71 /* Sources */,
				5781FD081F477126007F2F71 /* Frameworks */,
				5781FD091F477126007F2F71 /* Resources */,
			);
			buildRules = (
			);
			dependencies = (
				5781FD0D1F477126007F2F71 /* PBXTargetDependency */,
			);
			name = networkAPITestTests;
			productName = networkAPITestTests;
			productReference = 5781FD0B1F477126007F2F71 /* networkAPITestTests.xctest */;
			productType = "com.apple.product-type.bundle.unit-test";
		};
/* End PBXNativeTarget section */

/* Begin PBXProject section */
		5781FCEC1F477125007F2F71 /* Project object */ = {
			isa = PBXProject;
			attributes = {
				LastSwiftUpdateCheck = 0830;
				LastUpgradeCheck = 0830;
				ORGANIZATIONNAME = vDub;
				TargetAttributes = {
					5781FCF31F477125007F2F71 = {
						CreatedOnToolsVersion = 8.3.3;
						DevelopmentTeam = K679B9P6T4;
						ProvisioningStyle = Automatic;
					};
					5781FD0A1F477126007F2F71 = {
						CreatedOnToolsVersion = 8.3.3;
						DevelopmentTeam = K679B9P6T4;
						ProvisioningStyle = Automatic;
						TestTargetID = 5781FCF31F477125007F2F71;
					};
				};
			};
			buildConfigurationList = 5781FCEF1F477125007F2F71 /* Build configuration list for PBXProject "networkAPITest" */;
			compatibilityVersion = "Xcode 3.2";
			developmentRegion = English;
			hasScannedForEncodings = 0;
			knownRegions = (
				en,
				Base,
			);
			mainGroup = 5781FCEB1F477125007F2F71;
			productRefGroup = 5781FCF51F477125007F2F71 /* Products */;
			projectDirPath = "";
			projectRoot = "";
			targets = (
				5781FCF31F477125007F2F71 /* networkAPITest */,
				5781FD0A1F477126007F2F71 /* networkAPITestTests */,
			);
		};
/* End PBXProject section */

/* Begin PBXResourcesBuildPhase section */
		5781FCF21F477125007F2F71 /* Resources */ = {
			isa = PBXResourcesBuildPhase;
			buildActionMask = 2147483647;
			files = (
				5781FD051F477125007F2F71 /* LaunchScreen.storyboard in Resources */,
				5781FD021F477125007F2F71 /* Assets.xcassets in Resources */,
				5781FCFD1F477125007F2F71 /* Main.storyboard in Resources */,
				5781FD1D1F47799D007F2F71 /* AlbumCell.xib in Resources */,
			);
			runOnlyForDeploymentPostprocessing = 0;
		};
		5781FD091F477126007F2F71 /* Resources */ = {
			isa = PBXResourcesBuildPhase;
			buildActionMask = 2147483647;
			files = (
			);
			runOnlyForDeploymentPostprocessing = 0;
		};
/* End PBXResourcesBuildPhase section */

/* Begin PBXSourcesBuildPhase section */
		5781FCF01F477125007F2F71 /* Sources */ = {
			isa = PBXSourcesBuildPhase;
			buildActionMask = 2147483647;
			files = (
				5781FCFA1F477125007F2F71 /* ViewController.swift in Sources */,
				5755C3571F4D124200212A3E /* FavoriteController.swift in Sources */,
				5781FCF81F477125007F2F71 /* AppDelegate.swift in Sources */,
				5755C3521F4D074900212A3E /* ITunesDataController.swift in Sources */,
				5781FD001F477125007F2F71 /* networkAPITest.xcdatamodeld in Sources */,
				5781FD1C1F47799D007F2F71 /* AlbumCell.swift in Sources */,
			);
			runOnlyForDeploymentPostprocessing = 0;
		};
		5781FD071F477126007F2F71 /* Sources */ = {
			isa = PBXSourcesBuildPhase;
			buildActionMask = 2147483647;
			files = (
				5781FD101F477126007F2F71 /* networkAPITestTests.swift in Sources */,
			);
			runOnlyForDeploymentPostprocessing = 0;
		};
/* End PBXSourcesBuildPhase section */

/* Begin PBXTargetDependency section */
		5781FD0D1F477126007F2F71 /* PBXTargetDependency */ = {
			isa = PBXTargetDependency;
			target = 5781FCF31F477125007F2F71 /* networkAPITest */;
			targetProxy = 5781FD0C1F477126007F2F71 /* PBXContainerItemProxy */;
		};
/* End PBXTargetDependency section */

/* Begin PBXVariantGroup section */
		5781FCFB1F477125007F2F71 /* Main.storyboard */ = {
			isa = PBXVariantGroup;
			children = (
				5781FCFC1F477125007F2F71 /* Base */,
			);
			name = Main.storyboard;
			sourceTree = "<group>";
		};
		5781FD031F477125007F2F71 /* LaunchScreen.storyboard */ = {
			isa = PBXVariantGroup;
			children = (
				5781FD041F477125007F2F71 /* Base */,
			);
			name = LaunchScreen.storyboard;
			sourceTree = "<group>";
		};
/* End PBXVariantGroup section */

/* Begin XCBuildConfiguration section */
		5781FD121F477126007F2F71 /* Debug */ = {
			isa = XCBuildConfiguration;
			buildSettings = {
				ALWAYS_SEARCH_USER_PATHS = NO;
				CLANG_ANALYZER_NONNULL = YES;
				CLANG_ANALYZER_NUMBER_OBJECT_CONVERSION = YES_AGGRESSIVE;
				CLANG_CXX_LANGUAGE_STANDARD = "gnu++0x";
				CLANG_CXX_LIBRARY = "libc++";
				CLANG_ENABLE_MODULES = YES;
				CLANG_ENABLE_OBJC_ARC = YES;
				CLANG_WARN_BOOL_CONVERSION = YES;
				CLANG_WARN_CONSTANT_CONVERSION = YES;
				CLANG_WARN_DIRECT_OBJC_ISA_USAGE = YES_ERROR;
				CLANG_WARN_DOCUMENTATION_COMMENTS = YES;
				CLANG_WARN_EMPTY_BODY = YES;
				CLANG_WARN_ENUM_CONVERSION = YES;
				CLANG_WARN_INFINITE_RECURSION = YES;
				CLANG_WARN_INT_CONVERSION = YES;
				CLANG_WARN_OBJC_ROOT_CLASS = YES_ERROR;
				CLANG_WARN_SUSPICIOUS_MOVE = YES;
				CLANG_WARN_UNREACHABLE_CODE = YES;
				CLANG_WARN__DUPLICATE_METHOD_MATCH = YES;
				"CODE_SIGN_IDENTITY[sdk=iphoneos*]" = "iPhone Developer";
				COPY_PHASE_STRIP = NO;
				DEBUG_INFORMATION_FORMAT = dwarf;
				ENABLE_STRICT_OBJC_MSGSEND = YES;
				ENABLE_TESTABILITY = YES;
				GCC_C_LANGUAGE_STANDARD = gnu99;
				GCC_DYNAMIC_NO_PIC = NO;
				GCC_NO_COMMON_BLOCKS = YES;
				GCC_OPTIMIZATION_LEVEL = 0;
				GCC_PREPROCESSOR_DEFINITIONS = (
					"DEBUG=1",
					"$(inherited)",
				);
				GCC_WARN_64_TO_32_BIT_CONVERSION = YES;
				GCC_WARN_ABOUT_RETURN_TYPE = YES_ERROR;
				GCC_WARN_UNDECLARED_SELECTOR = YES;
				GCC_WARN_UNINITIALIZED_AUTOS = YES_AGGRESSIVE;
				GCC_WARN_UNUSED_FUNCTION = YES;
				GCC_WARN_UNUSED_VARIABLE = YES;
				IPHONEOS_DEPLOYMENT_TARGET = 10.3;
				MTL_ENABLE_DEBUG_INFO = YES;
				ONLY_ACTIVE_ARCH = YES;
				SDKROOT = iphoneos;
				SWIFT_ACTIVE_COMPILATION_CONDITIONS = DEBUG;
				SWIFT_OPTIMIZATION_LEVEL = "-Onone";
			};
			name = Debug;
		};
		5781FD131F477126007F2F71 /* Release */ = {
			isa = XCBuildConfiguration;
			buildSettings = {
				ALWAYS_SEARCH_USER_PATHS = NO;
				CLANG_ANALYZER_NONNULL = YES;
				CLANG_ANALYZER_NUMBER_OBJECT_CONVERSION = YES_AGGRESSIVE;
				CLANG_CXX_LANGUAGE_STANDARD = "gnu++0x";
				CLANG_CXX_LIBRARY = "libc++";
				CLANG_ENABLE_MODULES = YES;
				CLANG_ENABLE_OBJC_ARC = YES;
				CLANG_WARN_BOOL_CONVERSION = YES;
				CLANG_WARN_CONSTANT_CONVERSION = YES;
				CLANG_WARN_DIRECT_OBJC_ISA_USAGE = YES_ERROR;
				CLANG_WARN_DOCUMENTATION_COMMENTS = YES;
				CLANG_WARN_EMPTY_BODY = YES;
				CLANG_WARN_ENUM_CONVERSION = YES;
				CLANG_WARN_INFINITE_RECURSION = YES;
				CLANG_WARN_INT_CONVERSION = YES;
				CLANG_WARN_OBJC_ROOT_CLASS = YES_ERROR;
				CLANG_WARN_SUSPICIOUS_MOVE = YES;
				CLANG_WARN_UNREACHABLE_CODE = YES;
				CLANG_WARN__DUPLICATE_METHOD_MATCH = YES;
				"CODE_SIGN_IDENTITY[sdk=iphoneos*]" = "iPhone Developer";
				COPY_PHASE_STRIP = NO;
				DEBUG_INFORMATION_FORMAT = "dwarf-with-dsym";
				ENABLE_NS_ASSERTIONS = NO;
				ENABLE_STRICT_OBJC_MSGSEND = YES;
				GCC_C_LANGUAGE_STANDARD = gnu99;
				GCC_NO_COMMON_BLOCKS = YES;
				GCC_WARN_64_TO_32_BIT_CONVERSION = YES;
				GCC_WARN_ABOUT_RETURN_TYPE = YES_ERROR;
				GCC_WARN_UNDECLARED_SELECTOR = YES;
				GCC_WARN_UNINITIALIZED_AUTOS = YES_AGGRESSIVE;
				GCC_WARN_UNUSED_FUNCTION = YES;
				GCC_WARN_UNUSED_VARIABLE = YES;
				IPHONEOS_DEPLOYMENT_TARGET = 10.3;
				MTL_ENABLE_DEBUG_INFO = NO;
				SDKROOT = iphoneos;
				SWIFT_OPTIMIZATION_LEVEL = "-Owholemodule";
				VALIDATE_PRODUCT = YES;
			};
			name = Release;
		};
		5781FD151F477126007F2F71 /* Debug */ = {
			isa = XCBuildConfiguration;
			buildSettings = {
				ASSETCATALOG_COMPILER_APPICON_NAME = AppIcon;
				DEVELOPMENT_TEAM = K679B9P6T4;
				INFOPLIST_FILE = networkAPITest/Info.plist;
				LD_RUNPATH_SEARCH_PATHS = "$(inherited) @executable_path/Frameworks";
				PRODUCT_BUNDLE_IDENTIFIER = vDub.networkAPITest;
				PRODUCT_NAME = "$(TARGET_NAME)";
				SWIFT_VERSION = 3.0;
			};
			name = Debug;
		};
		5781FD161F477126007F2F71 /* Release */ = {
			isa = XCBuildConfiguration;
			buildSettings = {
				ASSETCATALOG_COMPILER_APPICON_NAME = AppIcon;
				DEVELOPMENT_TEAM = K679B9P6T4;
				INFOPLIST_FILE = networkAPITest/Info.plist;
				LD_RUNPATH_SEARCH_PATHS = "$(inherited) @executable_path/Frameworks";
				PRODUCT_BUNDLE_IDENTIFIER = vDub.networkAPITest;
				PRODUCT_NAME = "$(TARGET_NAME)";
				SWIFT_VERSION = 3.0;
			};
			name = Release;
		};
		5781FD181F477126007F2F71 /* Debug */ = {
			isa = XCBuildConfiguration;
			buildSettings = {
				ALWAYS_EMBED_SWIFT_STANDARD_LIBRARIES = YES;
				BUNDLE_LOADER = "$(TEST_HOST)";
				DEVELOPMENT_TEAM = K679B9P6T4;
				INFOPLIST_FILE = networkAPITestTests/Info.plist;
				LD_RUNPATH_SEARCH_PATHS = "$(inherited) @executable_path/Frameworks @loader_path/Frameworks";
				PRODUCT_BUNDLE_IDENTIFIER = vDub.networkAPITestTests;
				PRODUCT_NAME = "$(TARGET_NAME)";
				SWIFT_VERSION = 3.0;
				TEST_HOST = "$(BUILT_PRODUCTS_DIR)/networkAPITest.app/networkAPITest";
			};
			name = Debug;
		};
		5781FD191F477126007F2F71 /* Release */ = {
			isa = XCBuildConfiguration;
			buildSettings = {
				ALWAYS_EMBED_SWIFT_STANDARD_LIBRARIES = YES;
				BUNDLE_LOADER = "$(TEST_HOST)";
				DEVELOPMENT_TEAM = K679B9P6T4;
				INFOPLIST_FILE = networkAPITestTests/Info.plist;
				LD_RUNPATH_SEARCH_PATHS = "$(inherited) @executable_path/Frameworks @loader_path/Frameworks";
				PRODUCT_BUNDLE_IDENTIFIER = vDub.networkAPITestTests;
				PRODUCT_NAME = "$(TARGET_NAME)";
				SWIFT_VERSION = 3.0;
				TEST_HOST = "$(BUILT_PRODUCTS_DIR)/networkAPITest.app/networkAPITest";
			};
			name = Release;
		};
/* End XCBuildConfiguration section */

/* Begin XCConfigurationList section */
		5781FCEF1F477125007F2F71 /* Build configuration list for PBXProject "networkAPITest" */ = {
			isa = XCConfigurationList;
			buildConfigurations = (
				5781FD121F477126007F2F71 /* Debug */,
				5781FD131F477126007F2F71 /* Release */,
			);
			defaultConfigurationIsVisible = 0;
			defaultConfigurationName = Release;
		};
		5781FD141F477126007F2F71 /* Build configuration list for PBXNativeTarget "networkAPITest" */ = {
			isa = XCConfigurationList;
			buildConfigurations = (
				5781FD151F477126007F2F71 /* Debug */,
				5781FD161F477126007F2F71 /* Release */,
			);
			defaultConfigurationIsVisible = 0;
			defaultConfigurationName = Release;
		};
		5781FD171F477126007F2F71 /* Build configuration list for PBXNativeTarget "networkAPITestTests" */ = {
			isa = XCConfigurationList;
			buildConfigurations = (
				5781FD181F477126007F2F71 /* Debug */,
				5781FD191F477126007F2F71 /* Release */,
			);
			defaultConfigurationIsVisible = 0;
			defaultConfigurationName = Release;
		};
/* End XCConfigurationList section */

/* Begin XCVersionGroup section */
		5781FCFE1F477125007F2F71 /* networkAPITest.xcdatamodeld */ = {
			isa = XCVersionGroup;
			children = (
				5781FCFF1F477125007F2F71 /* networkAPITest.xcdatamodel */,
			);
			currentVersion = 5781FCFF1F477125007F2F71 /* networkAPITest.xcdatamodel */;
			path = networkAPITest.xcdatamodeld;
			sourceTree = "<group>";
			versionGroupType = wrapper.xcdatamodel;
		};
/* End XCVersionGroup section */
	};
	rootObject = 5781FCEC1F477125007F2F71 /* Project object */;
}
